
Microsoft Visual Studio Solution File, Format Version 12.00
Project("{FAE04EC0-301F-11D3-BF4B-00C04F79EFBC}") = "X.Y.Z.Tests.Unit", "X.Y.Z.Tests.Unit\X.Y.Z.Tests.Unit.csproj", "{D3F2E64F-AECA-48DD-A0DB-3AC4BA2DDEE8}"
EndProject
Project("{FAE04EC0-301F-11D3-BF4B-00C04F79EFBC}") = "X.Y.Z.Tests.Integration", "X.Y.Z.Tests.Integration\X.Y.Z.Tests.Integration.csproj", "{6135D6E7-587C-40C9-899D-A58DCD0A4452}"
EndProject
Project("{FAE04EC0-301F-11D3-BF4B-00C04F79EFBC}") = "X.Y.Z.Domain", "X.Y.Z.Domain\X.Y.Z.Domain.csproj", "{738F6F75-A9A9-4146-8E8C-9DE6BAF90D24}"
EndProject
Project("{FAE04EC0-301F-11D3-BF4B-00C04F79EFBC}") = "X.Y.Z.Application", "X.Y.Z.Application\X.Y.Z.Application.csproj", "{25A92A00-CC8D-4225-84C6-0412B097D8DF}"
EndProject
Project("{FAE04EC0-301F-11D3-BF4B-00C04F79EFBC}") = "X.Y.Z.Infrastructure.Infra2", "X.Y.Z.Infrastructure.Infra2\X.Y.Z.Infrastructure.Infra2.csproj", "{C307C2DD-EA3D-4048-9719-5B32FEA0D8E6}"
EndProject
Project("{FAE04EC0-301F-11D3-BF4B-00C04F79EFBC}") = "X.Y.Z.Infrastructure.Infra1", "X.Y.Z.Infrastructure.Infra1\X.Y.Z.Infrastructure.Infra1.csproj", "{E241C25C-0C83-4B83-8B80-56EE54994552}"
EndProject
Project("{FAE04EC0-301F-11D3-BF4B-00C04F79EFBC}") = "X.Y.Z.Infrastructure.InfraN", "X.Y.Z.Infrastructure.InfraN\X.Y.Z.Infrastructure.InfraN.csproj", "{C9C6F155-5605-4D00-9258-2B726CB5E0DA}"
EndProject
Project("{FAE04EC0-301F-11D3-BF4B-00C04F79EFBC}") = "X.Y.Z", "X.Y.Z\X.Y.Z.csproj", "{AE88AE30-C34A-4C07-B608-D8439997955D}"
EndProject
Project("{FAE04EC0-301F-11D3-BF4B-00C04F79EFBC}") = "X.Y.Z.Application.Tests.Unit", "X.Y.Z.Application.Tests.Unit\X.Y.Z.Application.Tests.Unit.csproj", "{0168911E-6821-4D3B-A87A-0588D2A2A489}"
EndProject
Project("{FAE04EC0-301F-11D3-BF4B-00C04F79EFBC}") = "X.Y.Z.Domain.Tests.Unit", "X.Y.Z.Domain.Tests.Unit\X.Y.Z.Domain.Tests.Unit.csproj", "{424783EB-2EF0-4FE1-A740-ED1F448B6476}"
EndProject
Project("{2150E333-8FDC-42A3-9474-1A3956D46DE8}") = "Tests", "Tests", "{2CB8E367-A5EC-4168-B73C-66065A82154F}"
EndProject
Project("{2150E333-8FDC-42A3-9474-1A3956D46DE8}") = "Core", "Core", "{EB7E2E80-F1A6-4D76-8B6D-F9157679F760}"
EndProject
Project("{2150E333-8FDC-42A3-9474-1A3956D46DE8}") = "App", "App", "{F92FAF38-963B-4C92-A2EB-8E1FF948D6BD}"
EndProject
Project("{2150E333-8FDC-42A3-9474-1A3956D46DE8}") = "Infrastructure", "Infrastructure", "{9D89DA97-F2B4-4ADA-9EB2-11D2E6568FFE}"
EndProject
Global
	GlobalSection(SolutionConfigurationPlatforms) = preSolution
		Debug|Any CPU = Debug|Any CPU
		Release|Any CPU = Release|Any CPU
	EndGlobalSection
	GlobalSection(ProjectConfigurationPlatforms) = postSolution
		{D3F2E64F-AECA-48DD-A0DB-3AC4BA2DDEE8}.Debug|Any CPU.ActiveCfg = Debug|Any CPU
		{D3F2E64F-AECA-48DD-A0DB-3AC4BA2DDEE8}.Debug|Any CPU.Build.0 = Debug|Any CPU
		{D3F2E64F-AECA-48DD-A0DB-3AC4BA2DDEE8}.Release|Any CPU.ActiveCfg = Release|Any CPU
		{D3F2E64F-AECA-48DD-A0DB-3AC4BA2DDEE8}.Release|Any CPU.Build.0 = Release|Any CPU
		{6135D6E7-587C-40C9-899D-A58DCD0A4452}.Debug|Any CPU.ActiveCfg = Debug|Any CPU
		{6135D6E7-587C-40C9-899D-A58DCD0A4452}.Debug|Any CPU.Build.0 = Debug|Any CPU
		{6135D6E7-587C-40C9-899D-A58DCD0A4452}.Release|Any CPU.ActiveCfg = Release|Any CPU
		{6135D6E7-587C-40C9-899D-A58DCD0A4452}.Release|Any CPU.Build.0 = Release|Any CPU
		{738F6F75-A9A9-4146-8E8C-9DE6BAF90D24}.Debug|Any CPU.ActiveCfg = Debug|Any CPU
		{738F6F75-A9A9-4146-8E8C-9DE6BAF90D24}.Debug|Any CPU.Build.0 = Debug|Any CPU
		{738F6F75-A9A9-4146-8E8C-9DE6BAF90D24}.Release|Any CPU.ActiveCfg = Release|Any CPU
		{738F6F75-A9A9-4146-8E8C-9DE6BAF90D24}.Release|Any CPU.Build.0 = Release|Any CPU
		{25A92A00-CC8D-4225-84C6-0412B097D8DF}.Debug|Any CPU.ActiveCfg = Debug|Any CPU
		{25A92A00-CC8D-4225-84C6-0412B097D8DF}.Debug|Any CPU.Build.0 = Debug|Any CPU
		{25A92A00-CC8D-4225-84C6-0412B097D8DF}.Release|Any CPU.ActiveCfg = Release|Any CPU
		{25A92A00-CC8D-4225-84C6-0412B097D8DF}.Release|Any CPU.Build.0 = Release|Any CPU
		{C307C2DD-EA3D-4048-9719-5B32FEA0D8E6}.Debug|Any CPU.ActiveCfg = Debug|Any CPU
		{C307C2DD-EA3D-4048-9719-5B32FEA0D8E6}.Debug|Any CPU.Build.0 = Debug|Any CPU
		{C307C2DD-EA3D-4048-9719-5B32FEA0D8E6}.Release|Any CPU.ActiveCfg = Release|Any CPU
		{C307C2DD-EA3D-4048-9719-5B32FEA0D8E6}.Release|Any CPU.Build.0 = Release|Any CPU
		{E241C25C-0C83-4B83-8B80-56EE54994552}.Debug|Any CPU.ActiveCfg = Debug|Any CPU
		{E241C25C-0C83-4B83-8B80-56EE54994552}.Debug|Any CPU.Build.0 = Debug|Any CPU
		{E241C25C-0C83-4B83-8B80-56EE54994552}.Release|Any CPU.ActiveCfg = Release|Any CPU
		{E241C25C-0C83-4B83-8B80-56EE54994552}.Release|Any CPU.Build.0 = Release|Any CPU
		{C9C6F155-5605-4D00-9258-2B726CB5E0DA}.Debug|Any CPU.ActiveCfg = Debug|Any CPU
		{C9C6F155-5605-4D00-9258-2B726CB5E0DA}.Debug|Any CPU.Build.0 = Debug|Any CPU
		{C9C6F155-5605-4D00-9258-2B726CB5E0DA}.Release|Any CPU.ActiveCfg = Release|Any CPU
		{C9C6F155-5605-4D00-9258-2B726CB5E0DA}.Release|Any CPU.Build.0 = Release|Any CPU
		{AE88AE30-C34A-4C07-B608-D8439997955D}.Debug|Any CPU.ActiveCfg = Debug|Any CPU
		{AE88AE30-C34A-4C07-B608-D8439997955D}.Debug|Any CPU.Build.0 = Debug|Any CPU
		{AE88AE30-C34A-4C07-B608-D8439997955D}.Release|Any CPU.ActiveCfg = Release|Any CPU
		{AE88AE30-C34A-4C07-B608-D8439997955D}.Release|Any CPU.Build.0 = Release|Any CPU
		{0168911E-6821-4D3B-A87A-0588D2A2A489}.Debug|Any CPU.ActiveCfg = Debug|Any CPU
		{0168911E-6821-4D3B-A87A-0588D2A2A489}.Debug|Any CPU.Build.0 = Debug|Any CPU
		{0168911E-6821-4D3B-A87A-0588D2A2A489}.Release|Any CPU.ActiveCfg = Release|Any CPU
		{0168911E-6821-4D3B-A87A-0588D2A2A489}.Release|Any CPU.Build.0 = Release|Any CPU
		{424783EB-2EF0-4FE1-A740-ED1F448B6476}.Debug|Any CPU.ActiveCfg = Debug|Any CPU
		{424783EB-2EF0-4FE1-A740-ED1F448B6476}.Debug|Any CPU.Build.0 = Debug|Any CPU
		{424783EB-2EF0-4FE1-A740-ED1F448B6476}.Release|Any CPU.ActiveCfg = Release|Any CPU
		{424783EB-2EF0-4FE1-A740-ED1F448B6476}.Release|Any CPU.Build.0 = Release|Any CPU
	EndGlobalSection
	GlobalSection(NestedProjects) = preSolution
		{6135D6E7-587C-40C9-899D-A58DCD0A4452} = {2CB8E367-A5EC-4168-B73C-66065A82154F}
		{D3F2E64F-AECA-48DD-A0DB-3AC4BA2DDEE8} = {2CB8E367-A5EC-4168-B73C-66065A82154F}
		{0168911E-6821-4D3B-A87A-0588D2A2A489} = {2CB8E367-A5EC-4168-B73C-66065A82154F}
		{424783EB-2EF0-4FE1-A740-ED1F448B6476} = {2CB8E367-A5EC-4168-B73C-66065A82154F}
		{25A92A00-CC8D-4225-84C6-0412B097D8DF} = {EB7E2E80-F1A6-4D76-8B6D-F9157679F760}
		{738F6F75-A9A9-4146-8E8C-9DE6BAF90D24} = {EB7E2E80-F1A6-4D76-8B6D-F9157679F760}
		{AE88AE30-C34A-4C07-B608-D8439997955D} = {F92FAF38-963B-4C92-A2EB-8E1FF948D6BD}
		{E241C25C-0C83-4B83-8B80-56EE54994552} = {9D89DA97-F2B4-4ADA-9EB2-11D2E6568FFE}
		{C307C2DD-EA3D-4048-9719-5B32FEA0D8E6} = {9D89DA97-F2B4-4ADA-9EB2-11D2E6568FFE}
		{C9C6F155-5605-4D00-9258-2B726CB5E0DA} = {9D89DA97-F2B4-4ADA-9EB2-11D2E6568FFE}
	EndGlobalSection
EndGlobal
